
Microsoft Visual Studio Solution File, Format Version 12.00
# Visual Studio Version 17
VisualStudioVersion = 17.13.35806.99
MinimumVisualStudioVersion = 10.0.40219.1
Project("{2150E333-8FDC-42A3-9474-1A3956D46DE8}") = "Frontends", "Frontends", "{EEF54944-F4BB-40D1-B2BF-ECE6F63D8060}"
EndProject
Project("{2150E333-8FDC-42A3-9474-1A3956D46DE8}") = "Infrastructure", "Infrastructure", "{E4584C67-B987-410A-BABE-7DCA2667F982}"
EndProject
Project("{2150E333-8FDC-42A3-9474-1A3956D46DE8}") = "Presentation", "Presentation", "{4EFF416D-436A-45F0-AEC5-8E895D8EF917}"
EndProject
Project("{2150E333-8FDC-42A3-9474-1A3956D46DE8}") = "Core", "Core", "{02EA681E-C7D8-13C7-8484-4AC65E1B71E8}"
EndProject
Project("{FAE04EC0-301F-11D3-BF4B-00C04F79EFBC}") = "RentACar.Domain", "Core\RentACar.Domain\RentACar.Domain.csproj", "{4D2BCE24-E938-4FE4-8873-52788CF07665}"
EndProject
Project("{FAE04EC0-301F-11D3-BF4B-00C04F79EFBC}") = "RentACar.Application", "Core\RentACar.Application\RentACar.Application.csproj", "{9F7569D6-9ED0-4F9B-9741-3AA53FC9CD2E}"
EndProject
Project("{FAE04EC0-301F-11D3-BF4B-00C04F79EFBC}") = "RentACar.WebAPI", "Presentation\RentACar.WebAPI\RentACar.WebAPI.csproj", "{7D3E4517-A969-4DDB-BA58-0C6DA1271E17}"
EndProject
Project("{FAE04EC0-301F-11D3-BF4B-00C04F79EFBC}") = "RentACar.Persistence", "Infrastructure\Persistence\RentACar.Persistence\RentACar.Persistence.csproj", "{AF16D885-F8A6-8D7F-E0DE-BFDFC074C4F7}"
EndProject
Global
	GlobalSection(SolutionConfigurationPlatforms) = preSolution
		Debug|Any CPU = Debug|Any CPU
		Release|Any CPU = Release|Any CPU
	EndGlobalSection
	GlobalSection(ProjectConfigurationPlatforms) = postSolution
		{4D2BCE24-E938-4FE4-8873-52788CF07665}.Debug|Any CPU.ActiveCfg = Debug|Any CPU
		{4D2BCE24-E938-4FE4-8873-52788CF07665}.Debug|Any CPU.Build.0 = Debug|Any CPU
		{4D2BCE24-E938-4FE4-8873-52788CF07665}.Release|Any CPU.ActiveCfg = Release|Any CPU
		{4D2BCE24-E938-4FE4-8873-52788CF07665}.Release|Any CPU.Build.0 = Release|Any CPU
		{9F7569D6-9ED0-4F9B-9741-3AA53FC9CD2E}.Debug|Any CPU.ActiveCfg = Debug|Any CPU
		{9F7569D6-9ED0-4F9B-9741-3AA53FC9CD2E}.Debug|Any CPU.Build.0 = Debug|Any CPU
		{9F7569D6-9ED0-4F9B-9741-3AA53FC9CD2E}.Release|Any CPU.ActiveCfg = Release|Any CPU
		{9F7569D6-9ED0-4F9B-9741-3AA53FC9CD2E}.Release|Any CPU.Build.0 = Release|Any CPU
		{7D3E4517-A969-4DDB-BA58-0C6DA1271E17}.Debug|Any CPU.ActiveCfg = Debug|Any CPU
		{7D3E4517-A969-4DDB-BA58-0C6DA1271E17}.Debug|Any CPU.Build.0 = Debug|Any CPU
		{7D3E4517-A969-4DDB-BA58-0C6DA1271E17}.Release|Any CPU.ActiveCfg = Release|Any CPU
		{7D3E4517-A969-4DDB-BA58-0C6DA1271E17}.Release|Any CPU.Build.0 = Release|Any CPU
		{AF16D885-F8A6-8D7F-E0DE-BFDFC074C4F7}.Debug|Any CPU.ActiveCfg = Debug|Any CPU
		{AF16D885-F8A6-8D7F-E0DE-BFDFC074C4F7}.Debug|Any CPU.Build.0 = Debug|Any CPU
		{AF16D885-F8A6-8D7F-E0DE-BFDFC074C4F7}.Release|Any CPU.ActiveCfg = Release|Any CPU
		{AF16D885-F8A6-8D7F-E0DE-BFDFC074C4F7}.Release|Any CPU.Build.0 = Release|Any CPU
	EndGlobalSection
	GlobalSection(SolutionProperties) = preSolution
		HideSolutionNode = FALSE
	EndGlobalSection
	GlobalSection(NestedProjects) = preSolution
		{4D2BCE24-E938-4FE4-8873-52788CF07665} = {02EA681E-C7D8-13C7-8484-4AC65E1B71E8}
		{9F7569D6-9ED0-4F9B-9741-3AA53FC9CD2E} = {02EA681E-C7D8-13C7-8484-4AC65E1B71E8}
		{7D3E4517-A969-4DDB-BA58-0C6DA1271E17} = {4EFF416D-436A-45F0-AEC5-8E895D8EF917}
		{AF16D885-F8A6-8D7F-E0DE-BFDFC074C4F7} = {E4584C67-B987-410A-BABE-7DCA2667F982}
	EndGlobalSection
	GlobalSection(ExtensibilityGlobals) = postSolution
		SolutionGuid = {33842859-1BA5-45BA-A699-1F99F5F84374}
	EndGlobalSection
EndGlobal
